
Microsoft Visual Studio Solution File, Format Version 12.00
# Visual Studio Version 16
VisualStudioVersion = 16.0.31911.196
MinimumVisualStudioVersion = 10.0.40219.1
Project("{9A19103F-16F7-4668-BE54-9A1E7A4F7556}") = "UploadArquivo.Core", "UploadArquivo.Core\UploadArquivo.Core.csproj", "{677193D5-9A2D-4FC1-B0FA-6ED30E456737}"
EndProject
Project("{9A19103F-16F7-4668-BE54-9A1E7A4F7556}") = "UploadArquivo.Infraestrutura", "UploadArquivo.Infraestrutura\UploadArquivo.Infraestrutura.csproj", "{2704F8EB-E4CA-4EA5-AA05-4413C97E45BD}"
EndProject
Project("{9A19103F-16F7-4668-BE54-9A1E7A4F7556}") = "UploadArquivo.API", "UploadArquivo.API\UploadArquivo.API.csproj", "{4843F0E1-0722-4549-BFFE-E94BE866996F}"
EndProject
Project("{FAE04EC0-301F-11D3-BF4B-00C04F79EFBC}") = "UploadArquivo.MVC", "UploadArquivo.MVC\UploadArquivo.MVC.csproj", "{32DCAD6F-A97B-4211-939F-6200F812E557}"
EndProject
Project("{FAE04EC0-301F-11D3-BF4B-00C04F79EFBC}") = "UploadArquivo.Infraestrutura.Ioc", "UploadArquivo.Infraestrutura.Ioc\UploadArquivo.Infraestrutura.Ioc.csproj", "{59ECE824-DE91-40E1-825B-97D16233C7CF}"
EndProject
Global
	GlobalSection(SolutionConfigurationPlatforms) = preSolution
		Debug|Any CPU = Debug|Any CPU
		Release|Any CPU = Release|Any CPU
	EndGlobalSection
	GlobalSection(ProjectConfigurationPlatforms) = postSolution
		{677193D5-9A2D-4FC1-B0FA-6ED30E456737}.Debug|Any CPU.ActiveCfg = Debug|Any CPU
		{677193D5-9A2D-4FC1-B0FA-6ED30E456737}.Debug|Any CPU.Build.0 = Debug|Any CPU
		{677193D5-9A2D-4FC1-B0FA-6ED30E456737}.Release|Any CPU.ActiveCfg = Release|Any CPU
		{677193D5-9A2D-4FC1-B0FA-6ED30E456737}.Release|Any CPU.Build.0 = Release|Any CPU
		{2704F8EB-E4CA-4EA5-AA05-4413C97E45BD}.Debug|Any CPU.ActiveCfg = Debug|Any CPU
		{2704F8EB-E4CA-4EA5-AA05-4413C97E45BD}.Debug|Any CPU.Build.0 = Debug|Any CPU
		{2704F8EB-E4CA-4EA5-AA05-4413C97E45BD}.Release|Any CPU.ActiveCfg = Release|Any CPU
		{2704F8EB-E4CA-4EA5-AA05-4413C97E45BD}.Release|Any CPU.Build.0 = Release|Any CPU
		{4843F0E1-0722-4549-BFFE-E94BE866996F}.Debug|Any CPU.ActiveCfg = Debug|Any CPU
		{4843F0E1-0722-4549-BFFE-E94BE866996F}.Debug|Any CPU.Build.0 = Debug|Any CPU
		{4843F0E1-0722-4549-BFFE-E94BE866996F}.Release|Any CPU.ActiveCfg = Release|Any CPU
		{4843F0E1-0722-4549-BFFE-E94BE866996F}.Release|Any CPU.Build.0 = Release|Any CPU
		{32DCAD6F-A97B-4211-939F-6200F812E557}.Debug|Any CPU.ActiveCfg = Debug|Any CPU
		{32DCAD6F-A97B-4211-939F-6200F812E557}.Debug|Any CPU.Build.0 = Debug|Any CPU
		{32DCAD6F-A97B-4211-939F-6200F812E557}.Release|Any CPU.ActiveCfg = Release|Any CPU
		{32DCAD6F-A97B-4211-939F-6200F812E557}.Release|Any CPU.Build.0 = Release|Any CPU
		{59ECE824-DE91-40E1-825B-97D16233C7CF}.Debug|Any CPU.ActiveCfg = Debug|Any CPU
		{59ECE824-DE91-40E1-825B-97D16233C7CF}.Debug|Any CPU.Build.0 = Debug|Any CPU
		{59ECE824-DE91-40E1-825B-97D16233C7CF}.Release|Any CPU.ActiveCfg = Release|Any CPU
		{59ECE824-DE91-40E1-825B-97D16233C7CF}.Release|Any CPU.Build.0 = Release|Any CPU
	EndGlobalSection
	GlobalSection(SolutionProperties) = preSolution
		HideSolutionNode = FALSE
	EndGlobalSection
	GlobalSection(ExtensibilityGlobals) = postSolution
		SolutionGuid = {9B1CFA8B-249E-4741-8E18-24083F5187D0}
	EndGlobalSection
EndGlobal
